
Microsoft Visual Studio Solution File, Format Version 12.00
# Visual Studio 15
VisualStudioVersion = 15.0.28307.329
MinimumVisualStudioVersion = 10.0.40219.1
Project("{FAE04EC0-301F-11D3-BF4B-00C04F79EFBC}") = "WpfApp1", "WpfApp1\WpfApp1.csproj", "{0A8D92D1-9DCB-4495-9A31-E69D5C5883DD}"
EndProject
Global
	GlobalSection(SolutionConfigurationPlatforms) = preSolution
		Debug|Any CPU = Debug|Any CPU
		Release|Any CPU = Release|Any CPU
	EndGlobalSection
	GlobalSection(ProjectConfigurationPlatforms) = postSolution
		{0A8D92D1-9DCB-4495-9A31-E69D5C5883DD}.Debug|Any CPU.ActiveCfg = Debug|Any CPU
		{0A8D92D1-9DCB-4495-9A31-E69D5C5883DD}.Debug|Any CPU.Build.0 = Debug|Any CPU
		{0A8D92D1-9DCB-4495-9A31-E69D5C5883DD}.Release|Any CPU.ActiveCfg = Release|Any CPU
		{0A8D92D1-9DCB-4495-9A31-E69D5C5883DD}.Release|Any CPU.Build.0 = Release|Any CPU
	EndGlobalSection
	GlobalSection(SolutionProperties) = preSolution
		HideSolutionNode = FALSE
	EndGlobalSection
	GlobalSection(ExtensibilityGlobals) = postSolution
		SolutionGuid = {ABD710F9-2BA5-477A-98EC-ED4D3CF1AB89}
	EndGlobalSection
EndGlobal
